# THIS IS AN AUTOGENERATED FILE. DO NOT EDIT THIS FILE DIRECTLY.
# yarn lockfile v1


nan@^2.14.0:
  version "2.16.0"
  resolved "https://registry.npm.alibaba-inc.com/nan/download/nan-2.16.0.tgz#664f43e45460fb98faf00edca0bb0d7b8dce7916"
  integrity sha512-UdAqHyFngu7TfQKsCBgAA6pWDkT8MAO7d0jyOecVhN5354xbLqdn8mV9Tat9gepAupm0bt2DbeaSC8vS52MuFA==

tree-sitter-cli@^0.20.0:
  version "0.20.6"
  resolved "https://registry.npm.alibaba-inc.com/tree-sitter-cli/download/tree-sitter-cli-0.20.6.tgz#2a7202190d7bd64e112b451f94573dbe40a04f04"
  integrity sha512-tjbAeuGSMhco/EnsThjWkQbDIYMDmdkWsTPsa/NJAW7bjaki9P7oM9TkLxfdlnm4LXd1wR5wVSM2/RTLtZbm6A==
